// !$*UTF8*$!
{
	archiveVersion = 1;
	classes = {
	};
	objectVersion = 50;
	objects = {

/* Begin PBXBuildFile section */
		B392E68F2B623B6D0044AAF9 /* AppDelegate.swift in Sources */ = {isa = PBXBuildFile; fileRef = B392E68E2B623B6D0044AAF9 /* AppDelegate.swift */; };
		B392E6912B623B6D0044AAF9 /* SceneDelegate.swift in Sources */ = {isa = PBXBuildFile; fileRef = B392E6902B623B6D0044AAF9 /* SceneDelegate.swift */; };
		B392E6932B623B6D0044AAF9 /* ViewController.swift in Sources */ = {isa = PBXBuildFile; fileRef = B392E6922B623B6D0044AAF9 /* ViewController.swift */; };
		B392E6962B623B6D0044AAF9 /* Main.storyboard in Resources */ = {isa = PBXBuildFile; fileRef = B392E6942B623B6D0044AAF9 /* Main.storyboard */; };
		B392E6982B623B6F0044AAF9 /* Assets.xcassets in Resources */ = {isa = PBXBuildFile; fileRef = B392E6972B623B6F0044AAF9 /* Assets.xcassets */; };
		B392E69B2B623B6F0044AAF9 /* LaunchScreen.storyboard in Resources */ = {isa = PBXBuildFile; fileRef = B392E6992B623B6F0044AAF9 /* LaunchScreen.storyboard */; };
		B392E6A62B623B6F0044AAF9 /* TodoListTests.swift in Sources */ = {isa = PBXBuildFile; fileRef = B392E6A52B623B6F0044AAF9 /* TodoListTests.swift */; };
		B392E6B12B623B6F0044AAF9 /* TodoListUITests.swift in Sources */ = {isa = PBXBuildFile; fileRef = B392E6B02B623B6F0044AAF9 /* TodoListUITests.swift */; };
/* End PBXBuildFile section */

/* Begin PBXContainerItemProxy section */
		B392E6A22B623B6F0044AAF9 /* PBXContainerItemProxy */ = {
			isa = PBXContainerItemProxy;
			containerPortal = B392E6832B623B6D0044AAF9 /* Project object */;
			proxyType = 1;
			remoteGlobalIDString = B392E68A2B623B6D0044AAF9;
			remoteInfo = TodoList;
		};
		B392E6AD2B623B6F0044AAF9 /* PBXContainerItemProxy */ = {
			isa = PBXContainerItemProxy;
			containerPortal = B392E6832B623B6D0044AAF9 /* Project object */;
			proxyType = 1;
			remoteGlobalIDString = B392E68A2B623B6D0044AAF9;
			remoteInfo = TodoList;
		};
/* End PBXContainerItemProxy section */

/* Begin PBXFileReference section */
		B392E68B2B623B6D0044AAF9 /* TodoList.app */ = {isa = PBXFileReference; explicitFileType = wrapper.application; includeInIndex = 0; path = TodoList.app; sourceTree = BUILT_PRODUCTS_DIR; };
		B392E68E2B623B6D0044AAF9 /* AppDelegate.swift */ = {isa = PBXFileReference; lastKnownFileType = sourcecode.swift; path = AppDelegate.swift; sourceTree = "<group>"; };
		B392E6902B623B6D0044AAF9 /* SceneDelegate.swift */ = {isa = PBXFileReference; lastKnownFileType = sourcecode.swift; path = SceneDelegate.swift; sourceTree = "<group>"; };
		B392E6922B623B6D0044AAF9 /* ViewController.swift */ = {isa = PBXFileReference; lastKnownFileType = sourcecode.swift; path = ViewController.swift; sourceTree = "<group>"; };
		B392E6952B623B6D0044AAF9 /* Base */ = {isa = PBXFileReference; lastKnownFileType = file.storyboard; name = Base; path = Base.lproj/Main.storyboard; sourceTree = "<group>"; };
		B392E6972B623B6F0044AAF9 /* Assets.xcassets */ = {isa = PBXFileReference; lastKnownFileType = folder.assetcatalog; path = Assets.xcassets; sourceTree = "<group>"; };
		B392E69A2B623B6F0044AAF9 /* Base */ = {isa = PBXFileReference; lastKnownFileType = file.storyboard; name = Base; path = Base.lproj/LaunchScreen.storyboard; sourceTree = "<group>"; };
		B392E69C2B623B6F0044AAF9 /* Info.plist */ = {isa = PBXFileReference; lastKnownFileType = text.plist.xml; path = Info.plist; sourceTree = "<group>"; };
		B392E6A12B623B6F0044AAF9 /* TodoListTests.xctest */ = {isa = PBXFileReference; explicitFileType = wrapper.cfbundle; includeInIndex = 0; path = TodoListTests.xctest; sourceTree = BUILT_PRODUCTS_DIR; };
		B392E6A52B623B6F0044AAF9 /* TodoListTests.swift */ = {isa = PBXFileReference; lastKnownFileType = sourcecode.swift; path = TodoListTests.swift; sourceTree = "<group>"; };
		B392E6A72B623B6F0044AAF9 /* Info.plist */ = {isa = PBXFileReference; lastKnownFileType = text.plist.xml; path = Info.plist; sourceTree = "<group>"; };
		B392E6AC2B623B6F0044AAF9 /* TodoListUITests.xctest */ = {isa = PBXFileReference; explicitFileType = wrapper.cfbundle; includeInIndex = 0; path = TodoListUITests.xctest; sourceTree = BUILT_PRODUCTS_DIR; };
		B392E6B02B623B6F0044AAF9 /* TodoListUITests.swift */ = {isa = PBXFileReference; lastKnownFileType = sourcecode.swift; path = TodoListUITests.swift; sourceTree = "<group>"; };
		B392E6B22B623B6F0044AAF9 /* Info.plist */ = {isa = PBXFileReference; lastKnownFileType = text.plist.xml; path = Info.plist; sourceTree = "<group>"; };
/* End PBXFileReference section */

/* Begin PBXFrameworksBuildPhase section */
		B392E6882B623B6D0044AAF9 /* Frameworks */ = {
			isa = PBXFrameworksBuildPhase;
			buildActionMask = 2147483647;
			files = (
			);
			runOnlyForDeploymentPostprocessing = 0;
		};
		B392E69E2B623B6F0044AAF9 /* Frameworks */ = {
			isa = PBXFrameworksBuildPhase;
			buildActionMask = 2147483647;
			files = (
			);
			runOnlyForDeploymentPostprocessing = 0;
		};
		B392E6A92B623B6F0044AAF9 /* Frameworks */ = {
			isa = PBXFrameworksBuildPhase;
			buildActionMask = 2147483647;
			files = (
			);
			runOnlyForDeploymentPostprocessing = 0;
		};
/* End PBXFrameworksBuildPhase section */

/* Begin PBXGroup section */
		B392E6822B623B6D0044AAF9 = {
			isa = PBXGroup;
			children = (
				B392E68D2B623B6D0044AAF9 /* TodoList */,
				B392E6A42B623B6F0044AAF9 /* TodoListTests */,
				B392E6AF2B623B6F0044AAF9 /* TodoListUITests */,
				B392E68C2B623B6D0044AAF9 /* Products */,
			);
			sourceTree = "<group>";
		};
		B392E68C2B623B6D0044AAF9 /* Products */ = {
			isa = PBXGroup;
			children = (
				B392E68B2B623B6D0044AAF9 /* TodoList.app */,
				B392E6A12B623B6F0044AAF9 /* TodoListTests.xctest */,
				B392E6AC2B623B6F0044AAF9 /* TodoListUITests.xctest */,
			);
			name = Products;
			sourceTree = "<group>";
		};
		B392E68D2B623B6D0044AAF9 /* TodoList */ = {
			isa = PBXGroup;
			children = (
				B392E68E2B623B6D0044AAF9 /* AppDelegate.swift */,
				B392E6902B623B6D0044AAF9 /* SceneDelegate.swift */,
				B392E6922B623B6D0044AAF9 /* ViewController.swift */,
				B392E6942B623B6D0044AAF9 /* Main.storyboard */,
				B392E6972B623B6F0044AAF9 /* Assets.xcassets */,
				B392E6992B623B6F0044AAF9 /* LaunchScreen.storyboard */,
				B392E69C2B623B6F0044AAF9 /* Info.plist */,
			);
			path = TodoList;
			sourceTree = "<group>";
		};
		B392E6A42B623B6F0044AAF9 /* TodoListTests */ = {
			isa = PBXGroup;
			children = (
				B392E6A52B623B6F0044AAF9 /* TodoListTests.swift */,
				B392E6A72B623B6F0044AAF9 /* Info.plist */,
			);
			path = TodoListTests;
			sourceTree = "<group>";
		};
		B392E6AF2B623B6F0044AAF9 /* TodoListUITests */ = {
			isa = PBXGroup;
			children = (
				B392E6B02B623B6F0044AAF9 /* TodoListUITests.swift */,
				B392E6B22B623B6F0044AAF9 /* Info.plist */,
			);
			path = TodoListUITests;
			sourceTree = "<group>";
		};
/* End PBXGroup section */

/* Begin PBXNativeTarget section */
		B392E68A2B623B6D0044AAF9 /* TodoList */ = {
			isa = PBXNativeTarget;
			buildConfigurationList = B392E6B52B623B6F0044AAF9 /* Build configuration list for PBXNativeTarget "TodoList" */;
			buildPhases = (
				B392E6872B623B6D0044AAF9 /* Sources */,
				B392E6882B623B6D0044AAF9 /* Frameworks */,
				B392E6892B623B6D0044AAF9 /* Resources */,
			);
			buildRules = (
			);
			dependencies = (
			);
			name = TodoList;
			productName = TodoList;
			productReference = B392E68B2B623B6D0044AAF9 /* TodoList.app */;
			productType = "com.apple.product-type.application";
		};
		B392E6A02B623B6F0044AAF9 /* TodoListTests */ = {
			isa = PBXNativeTarget;
			buildConfigurationList = B392E6B82B623B6F0044AAF9 /* Build configuration list for PBXNativeTarget "TodoListTests" */;
			buildPhases = (
				B392E69D2B623B6F0044AAF9 /* Sources */,
				B392E69E2B623B6F0044AAF9 /* Frameworks */,
				B392E69F2B623B6F0044AAF9 /* Resources */,
			);
			buildRules = (
			);
			dependencies = (
				B392E6A32B623B6F0044AAF9 /* PBXTargetDependency */,
			);
			name = TodoListTests;
			productName = TodoListTests;
			productReference = B392E6A12B623B6F0044AAF9 /* TodoListTests.xctest */;
			productType = "com.apple.product-type.bundle.unit-test";
		};
		B392E6AB2B623B6F0044AAF9 /* TodoListUITests */ = {
			isa = PBXNativeTarget;
			buildConfigurationList = B392E6BB2B623B6F0044AAF9 /* Build configuration list for PBXNativeTarget "TodoListUITests" */;
			buildPhases = (
				B392E6A82B623B6F0044AAF9 /* Sources */,
				B392E6A92B623B6F0044AAF9 /* Frameworks */,
				B392E6AA2B623B6F0044AAF9 /* Resources */,
			);
			buildRules = (
			);
			dependencies = (
				B392E6AE2B623B6F0044AAF9 /* PBXTargetDependency */,
			);
			name = TodoListUITests;
			productName = TodoListUITests;
			productReference = B392E6AC2B623B6F0044AAF9 /* TodoListUITests.xctest */;
			productType = "com.apple.product-type.bundle.ui-testing";
		};
/* End PBXNativeTarget section */

/* Begin PBXProject section */
		B392E6832B623B6D0044AAF9 /* Project object */ = {
			isa = PBXProject;
			attributes = {
				LastSwiftUpdateCheck = 1250;
				LastUpgradeCheck = 1250;
				TargetAttributes = {
					B392E68A2B623B6D0044AAF9 = {
						CreatedOnToolsVersion = 12.5.1;
					};
					B392E6A02B623B6F0044AAF9 = {
						CreatedOnToolsVersion = 12.5.1;
						TestTargetID = B392E68A2B623B6D0044AAF9;
					};
					B392E6AB2B623B6F0044AAF9 = {
						CreatedOnToolsVersion = 12.5.1;
						TestTargetID = B392E68A2B623B6D0044AAF9;
					};
				};
			};
			buildConfigurationList = B392E6862B623B6D0044AAF9 /* Build configuration list for PBXProject "TodoList" */;
			compatibilityVersion = "Xcode 9.3";
			developmentRegion = en;
			hasScannedForEncodings = 0;
			knownRegions = (
				en,
				Base,
			);
			mainGroup = B392E6822B623B6D0044AAF9;
			productRefGroup = B392E68C2B623B6D0044AAF9 /* Products */;
			projectDirPath = "";
			projectRoot = "";
			targets = (
				B392E68A2B623B6D0044AAF9 /* TodoList */,
				B392E6A02B623B6F0044AAF9 /* TodoListTests */,
				B392E6AB2B623B6F0044AAF9 /* TodoListUITests */,
			);
		};
/* End PBXProject section */

/* Begin PBXResourcesBuildPhase section */
		B392E6892B623B6D0044AAF9 /* Resources */ = {
			isa = PBXResourcesBuildPhase;
			buildActionMask = 2147483647;
			files = (
				B392E69B2B623B6F0044AAF9 /* LaunchScreen.storyboard in Resources */,
				B392E6982B623B6F0044AAF9 /* Assets.xcassets in Resources */,
				B392E6962B623B6D0044AAF9 /* Main.storyboard in Resources */,
			);
			runOnlyForDeploymentPostprocessing = 0;
		};
		B392E69F2B623B6F0044AAF9 /* Resources */ = {
			isa = PBXResourcesBuildPhase;
			buildActionMask = 2147483647;
			files = (
			);
			runOnlyForDeploymentPostprocessing = 0;
		};
		B392E6AA2B623B6F0044AAF9 /* Resources */ = {
			isa = PBXResourcesBuildPhase;
			buildActionMask = 2147483647;
			files = (
			);
			runOnlyForDeploymentPostprocessing = 0;
		};
/* End PBXResourcesBuildPhase section */

/* Begin PBXSourcesBuildPhase section */
		B392E6872B623B6D0044AAF9 /* Sources */ = {
			isa = PBXSourcesBuildPhase;
			buildActionMask = 2147483647;
			files = (
				B392E6932B623B6D0044AAF9 /* ViewController.swift in Sources */,
				B392E68F2B623B6D0044AAF9 /* AppDelegate.swift in Sources */,
				B392E6912B623B6D0044AAF9 /* SceneDelegate.swift in Sources */,
			);
			runOnlyForDeploymentPostprocessing = 0;
		};
		B392E69D2B623B6F0044AAF9 /* Sources */ = {
			isa = PBXSourcesBuildPhase;
			buildActionMask = 2147483647;
			files = (
				B392E6A62B623B6F0044AAF9 /* TodoListTests.swift in Sources */,
			);
			runOnlyForDeploymentPostprocessing = 0;
		};
		B392E6A82B623B6F0044AAF9 /* Sources */ = {
			isa = PBXSourcesBuildPhase;
			buildActionMask = 2147483647;
			files = (
				B392E6B12B623B6F0044AAF9 /* TodoListUITests.swift in Sources */,
			);
			runOnlyForDeploymentPostprocessing = 0;
		};
/* End PBXSourcesBuildPhase section */

/* Begin PBXTargetDependency section */
		B392E6A32B623B6F0044AAF9 /* PBXTargetDependency */ = {
			isa = PBXTargetDependency;
			target = B392E68A2B623B6D0044AAF9 /* TodoList */;
			targetProxy = B392E6A22B623B6F0044AAF9 /* PBXContainerItemProxy */;
		};
		B392E6AE2B623B6F0044AAF9 /* PBXTargetDependency */ = {
			isa = PBXTargetDependency;
			target = B392E68A2B623B6D0044AAF9 /* TodoList */;
			targetProxy = B392E6AD2B623B6F0044AAF9 /* PBXContainerItemProxy */;
		};
/* End PBXTargetDependency section */

/* Begin PBXVariantGroup section */
		B392E6942B623B6D0044AAF9 /* Main.storyboard */ = {
			isa = PBXVariantGroup;
			children = (
				B392E6952B623B6D0044AAF9 /* Base */,
			);
			name = Main.storyboard;
			sourceTree = "<group>";
		};
		B392E6992B623B6F0044AAF9 /* LaunchScreen.storyboard */ = {
			isa = PBXVariantGroup;
			children = (
				B392E69A2B623B6F0044AAF9 /* Base */,
			);
			name = LaunchScreen.storyboard;
			sourceTree = "<group>";
		};
/* End PBXVariantGroup section */

/* Begin XCBuildConfiguration section */
		B392E6B32B623B6F0044AAF9 /* Debug */ = {
			isa = XCBuildConfiguration;
			buildSettings = {
				ALWAYS_SEARCH_USER_PATHS = NO;
				CLANG_ANALYZER_NONNULL = YES;
				CLANG_ANALYZER_NUMBER_OBJECT_CONVERSION = YES_AGGRESSIVE;
				CLANG_CXX_LANGUAGE_STANDARD = "gnu++14";
				CLANG_CXX_LIBRARY = "libc++";
				CLANG_ENABLE_MODULES = YES;
				CLANG_ENABLE_OBJC_ARC = YES;
				CLANG_ENABLE_OBJC_WEAK = YES;
				CLANG_WARN_BLOCK_CAPTURE_AUTORELEASING = YES;
				CLANG_WARN_BOOL_CONVERSION = YES;
				CLANG_WARN_COMMA = YES;
				CLANG_WARN_CONSTANT_CONVERSION = YES;
				CLANG_WARN_DEPRECATED_OBJC_IMPLEMENTATIONS = YES;
				CLANG_WARN_DIRECT_OBJC_ISA_USAGE = YES_ERROR;
				CLANG_WARN_DOCUMENTATION_COMMENTS = YES;
				CLANG_WARN_EMPTY_BODY = YES;
				CLANG_WARN_ENUM_CONVERSION = YES;
				CLANG_WARN_INFINITE_RECURSION = YES;
				CLANG_WARN_INT_CONVERSION = YES;
				CLANG_WARN_NON_LITERAL_NULL_CONVERSION = YES;
				CLANG_WARN_OBJC_IMPLICIT_RETAIN_SELF = YES;
				CLANG_WARN_OBJC_LITERAL_CONVERSION = YES;
				CLANG_WARN_OBJC_ROOT_CLASS = YES_ERROR;
				CLANG_WARN_QUOTED_INCLUDE_IN_FRAMEWORK_HEADER = YES;
				CLANG_WARN_RANGE_LOOP_ANALYSIS = YES;
				CLANG_WARN_STRICT_PROTOTYPES = YES;
				CLANG_WARN_SUSPICIOUS_MOVE = YES;
				CLANG_WARN_UNGUARDED_AVAILABILITY = YES_AGGRESSIVE;
				CLANG_WARN_UNREACHABLE_CODE = YES;
				CLANG_WARN__DUPLICATE_METHOD_MATCH = YES;
				COPY_PHASE_STRIP = NO;
				DEBUG_INFORMATION_FORMAT = dwarf;
				ENABLE_STRICT_OBJC_MSGSEND = YES;
				ENABLE_TESTABILITY = YES;
				GCC_C_LANGUAGE_STANDARD = gnu11;
				GCC_DYNAMIC_NO_PIC = NO;
				GCC_NO_COMMON_BLOCKS = YES;
				GCC_OPTIMIZATION_LEVEL = 0;
				GCC_PREPROCESSOR_DEFINITIONS = (
					"DEBUG=1",
					"$(inherited)",
				);
				GCC_WARN_64_TO_32_BIT_CONVERSION = YES;
				GCC_WARN_ABOUT_RETURN_TYPE = YES_ERROR;
				GCC_WARN_UNDECLARED_SELECTOR = YES;
				GCC_WARN_UNINITIALIZED_AUTOS = YES_AGGRESSIVE;
				GCC_WARN_UNUSED_FUNCTION = YES;
				GCC_WARN_UNUSED_VARIABLE = YES;
				IPHONEOS_DEPLOYMENT_TARGET = 14.5;
				MTL_ENABLE_DEBUG_INFO = INCLUDE_SOURCE;
				MTL_FAST_MATH = YES;
				ONLY_ACTIVE_ARCH = YES;
				SDKROOT = iphoneos;
				SWIFT_ACTIVE_COMPILATION_CONDITIONS = DEBUG;
				SWIFT_OPTIMIZATION_LEVEL = "-Onone";
			};
			name = Debug;
		};
		B392E6B42B623B6F0044AAF9 /* Release */ = {
			isa = XCBuildConfiguration;
			buildSettings = {
				ALWAYS_SEARCH_USER_PATHS = NO;
				CLANG_ANALYZER_NONNULL = YES;
				CLANG_ANALYZER_NUMBER_OBJECT_CONVERSION = YES_AGGRESSIVE;
				CLANG_CXX_LANGUAGE_STANDARD = "gnu++14";
				CLANG_CXX_LIBRARY = "libc++";
				CLANG_ENABLE_MODULES = YES;
				CLANG_ENABLE_OBJC_ARC = YES;
				CLANG_ENABLE_OBJC_WEAK = YES;
				CLANG_WARN_BLOCK_CAPTURE_AUTORELEASING = YES;
				CLANG_WARN_BOOL_CONVERSION = YES;
				CLANG_WARN_COMMA = YES;
				CLANG_WARN_CONSTANT_CONVERSION = YES;
				CLANG_WARN_DEPRECATED_OBJC_IMPLEMENTATIONS = YES;
				CLANG_WARN_DIRECT_OBJC_ISA_USAGE = YES_ERROR;
				CLANG_WARN_DOCUMENTATION_COMMENTS = YES;
				CLANG_WARN_EMPTY_BODY = YES;
				CLANG_WARN_ENUM_CONVERSION = YES;
				CLANG_WARN_INFINITE_RECURSION = YES;
				CLANG_WARN_INT_CONVERSION = YES;
				CLANG_WARN_NON_LITERAL_NULL_CONVERSION = YES;
				CLANG_WARN_OBJC_IMPLICIT_RETAIN_SELF = YES;
				CLANG_WARN_OBJC_LITERAL_CONVERSION = YES;
				CLANG_WARN_OBJC_ROOT_CLASS = YES_ERROR;
				CLANG_WARN_QUOTED_INCLUDE_IN_FRAMEWORK_HEADER = YES;
				CLANG_WARN_RANGE_LOOP_ANALYSIS = YES;
				CLANG_WARN_STRICT_PROTOTYPES = YES;
				CLANG_WARN_SUSPICIOUS_MOVE = YES;
				CLANG_WARN_UNGUARDED_AVAILABILITY = YES_AGGRESSIVE;
				CLANG_WARN_UNREACHABLE_CODE = YES;
				CLANG_WARN__DUPLICATE_METHOD_MATCH = YES;
				COPY_PHASE_STRIP = NO;
				DEBUG_INFORMATION_FORMAT = "dwarf-with-dsym";
				ENABLE_NS_ASSERTIONS = NO;
				ENABLE_STRICT_OBJC_MSGSEND = YES;
				GCC_C_LANGUAGE_STANDARD = gnu11;
				GCC_NO_COMMON_BLOCKS = YES;
				GCC_WARN_64_TO_32_BIT_CONVERSION = YES;
				GCC_WARN_ABOUT_RETURN_TYPE = YES_ERROR;
				GCC_WARN_UNDECLARED_SELECTOR = YES;
				GCC_WARN_UNINITIALIZED_AUTOS = YES_AGGRESSIVE;
				GCC_WARN_UNUSED_FUNCTION = YES;
				GCC_WARN_UNUSED_VARIABLE = YES;
				IPHONEOS_DEPLOYMENT_TARGET = 14.5;
				MTL_ENABLE_DEBUG_INFO = NO;
				MTL_FAST_MATH = YES;
				SDKROOT = iphoneos;
				SWIFT_COMPILATION_MODE = wholemodule;
				SWIFT_OPTIMIZATION_LEVEL = "-O";
				VALIDATE_PRODUCT = YES;
			};
			name = Release;
		};
		B392E6B62B623B6F0044AAF9 /* Debug */ = {
			isa = XCBuildConfiguration;
			buildSettings = {
				ASSETCATALOG_COMPILER_APPICON_NAME = AppIcon;
				ASSETCATALOG_COMPILER_GLOBAL_ACCENT_COLOR_NAME = AccentColor;
				CODE_SIGN_STYLE = Automatic;
				INFOPLIST_FILE = TodoList/Info.plist;
				LD_RUNPATH_SEARCH_PATHS = (
					"$(inherited)",
					"@executable_path/Frameworks",
				);
				PRODUCT_BUNDLE_IDENTIFIER = leo.TodoList;
				PRODUCT_NAME = "$(TARGET_NAME)";
				SWIFT_VERSION = 5.0;
				TARGETED_DEVICE_FAMILY = "1,2";
			};
			name = Debug;
		};
		B392E6B72B623B6F0044AAF9 /* Release */ = {
			isa = XCBuildConfiguration;
			buildSettings = {
				ASSETCATALOG_COMPILER_APPICON_NAME = AppIcon;
				ASSETCATALOG_COMPILER_GLOBAL_ACCENT_COLOR_NAME = AccentColor;
				CODE_SIGN_STYLE = Automatic;
				INFOPLIST_FILE = TodoList/Info.plist;
				LD_RUNPATH_SEARCH_PATHS = (
					"$(inherited)",
					"@executable_path/Frameworks",
				);
				PRODUCT_BUNDLE_IDENTIFIER = leo.TodoList;
				PRODUCT_NAME = "$(TARGET_NAME)";
				SWIFT_VERSION = 5.0;
				TARGETED_DEVICE_FAMILY = "1,2";
			};
			name = Release;
		};
		B392E6B92B623B6F0044AAF9 /* Debug */ = {
			isa = XCBuildConfiguration;
			buildSettings = {
				ALWAYS_EMBED_SWIFT_STANDARD_LIBRARIES = YES;
				BUNDLE_LOADER = "$(TEST_HOST)";
				CODE_SIGN_STYLE = Automatic;
				INFOPLIST_FILE = TodoListTests/Info.plist;
				IPHONEOS_DEPLOYMENT_TARGET = 14.5;
				LD_RUNPATH_SEARCH_PATHS = (
					"$(inherited)",
					"@executable_path/Frameworks",
					"@loader_path/Frameworks",
				);
				PRODUCT_BUNDLE_IDENTIFIER = leo.TodoListTests;
				PRODUCT_NAME = "$(TARGET_NAME)";
				SWIFT_VERSION = 5.0;
				TARGETED_DEVICE_FAMILY = "1,2";
				TEST_HOST = "$(BUILT_PRODUCTS_DIR)/TodoList.app/TodoList";
			};
			name = Debug;
		};
		B392E6BA2B623B6F0044AAF9 /* Release */ = {
			isa = XCBuildConfiguration;
			buildSettings = {
				ALWAYS_EMBED_SWIFT_STANDARD_LIBRARIES = YES;
				BUNDLE_LOADER = "$(TEST_HOST)";
				CODE_SIGN_STYLE = Automatic;
				INFOPLIST_FILE = TodoListTests/Info.plist;
				IPHONEOS_DEPLOYMENT_TARGET = 14.5;
				LD_RUNPATH_SEARCH_PATHS = (
					"$(inherited)",
					"@executable_path/Frameworks",
					"@loader_path/Frameworks",
				);
				PRODUCT_BUNDLE_IDENTIFIER = leo.TodoListTests;
				PRODUCT_NAME = "$(TARGET_NAME)";
				SWIFT_VERSION = 5.0;
				TARGETED_DEVICE_FAMILY = "1,2";
				TEST_HOST = "$(BUILT_PRODUCTS_DIR)/TodoList.app/TodoList";
			};
			name = Release;
		};
		B392E6BC2B623B6F0044AAF9 /* Debug */ = {
			isa = XCBuildConfiguration;
			buildSettings = {
				ALWAYS_EMBED_SWIFT_STANDARD_LIBRARIES = YES;
				CODE_SIGN_STYLE = Automatic;
				INFOPLIST_FILE = TodoListUITests/Info.plist;
				LD_RUNPATH_SEARCH_PATHS = (
					"$(inherited)",
					"@executable_path/Frameworks",
					"@loader_path/Frameworks",
				);
				PRODUCT_BUNDLE_IDENTIFIER = leo.TodoListUITests;
				PRODUCT_NAME = "$(TARGET_NAME)";
				SWIFT_VERSION = 5.0;
				TARGETED_DEVICE_FAMILY = "1,2";
				TEST_TARGET_NAME = TodoList;
			};
			name = Debug;
		};
		B392E6BD2B623B6F0044AAF9 /* Release */ = {
			isa = XCBuildConfiguration;
			buildSettings = {
				ALWAYS_EMBED_SWIFT_STANDARD_LIBRARIES = YES;
				CODE_SIGN_STYLE = Automatic;
				INFOPLIST_FILE = TodoListUITests/Info.plist;
				LD_RUNPATH_SEARCH_PATHS = (
					"$(inherited)",
					"@executable_path/Frameworks",
					"@loader_path/Frameworks",
				);
				PRODUCT_BUNDLE_IDENTIFIER = leo.TodoListUITests;
				PRODUCT_NAME = "$(TARGET_NAME)";
				SWIFT_VERSION = 5.0;
				TARGETED_DEVICE_FAMILY = "1,2";
				TEST_TARGET_NAME = TodoList;
			};
			name = Release;
		};
/* End XCBuildConfiguration section */

/* Begin XCConfigurationList section */
		B392E6862B623B6D0044AAF9 /* Build configuration list for PBXProject "TodoList" */ = {
			isa = XCConfigurationList;
			buildConfigurations = (
				B392E6B32B623B6F0044AAF9 /* Debug */,
				B392E6B42B623B6F0044AAF9 /* Release */,
			);
			defaultConfigurationIsVisible = 0;
			defaultConfigurationName = Release;
		};
		B392E6B52B623B6F0044AAF9 /* Build configuration list for PBXNativeTarget "TodoList" */ = {
			isa = XCConfigurationList;
			buildConfigurations = (
				B392E6B62B623B6F0044AAF9 /* Debug */,
				B392E6B72B623B6F0044AAF9 /* Release */,
			);
			defaultConfigurationIsVisible = 0;
			defaultConfigurationName = Release;
		};
		B392E6B82B623B6F0044AAF9 /* Build configuration list for PBXNativeTarget "TodoListTests" */ = {
			isa = XCConfigurationList;
			buildConfigurations = (
				B392E6B92B623B6F0044AAF9 /* Debug */,
				B392E6BA2B623B6F0044AAF9 /* Release */,
			);
			defaultConfigurationIsVisible = 0;
			defaultConfigurationName = Release;
		};
		B392E6BB2B623B6F0044AAF9 /* Build configuration list for PBXNativeTarget "TodoListUITests" */ = {
			isa = XCConfigurationList;
			buildConfigurations = (
				B392E6BC2B623B6F0044AAF9 /* Debug */,
				B392E6BD2B623B6F0044AAF9 /* Release */,
			);
			defaultConfigurationIsVisible = 0;
			defaultConfigurationName = Release;
		};
/* End XCConfigurationList section */
	};
	rootObject = B392E6832B623B6D0044AAF9 /* Project object */;
}
